// !$*UTF8*$!
{
	archiveVersion = 1;
	classes = {
	};
	objectVersion = 46;
	objects = {

/* Begin PBXBuildFile section */
		20F8A6F71B8A674000316821 /* main.m in Sources */ = {isa = PBXBuildFile; fileRef = 20F8A6F61B8A674000316821 /* main.m */; };
		20F8A7021B8A674000316821 /* Images.xcassets in Resources */ = {isa = PBXBuildFile; fileRef = 20F8A7011B8A674000316821 /* Images.xcassets */; };
		20F8A7051B8A674000316821 /* LaunchScreen.xib in Resources */ = {isa = PBXBuildFile; fileRef = 20F8A7031B8A674000316821 /* LaunchScreen.xib */; };
		20F8A7111B8A674000316821 /* contactsTests.m in Sources */ = {isa = PBXBuildFile; fileRef = 20F8A7101B8A674000316821 /* contactsTests.m */; };
		20F8A7231B8A695000316821 /* AppDelegate.m in Sources */ = {isa = PBXBuildFile; fileRef = 20F8A71D1B8A695000316821 /* AppDelegate.m */; };
		20F8A72E1B8A6AB100316821 /* NUContactsViewController.m in Sources */ = {isa = PBXBuildFile; fileRef = 20F8A72D1B8A6AB100316821 /* NUContactsViewController.m */; };
		20F8A7341B8A6AD500316821 /* NUContactsAPI.m in Sources */ = {isa = PBXBuildFile; fileRef = 20F8A7331B8A6AD500316821 /* NUContactsAPI.m */; };
		20F8A7371B8A6F8900316821 /* NUPerson.m in Sources */ = {isa = PBXBuildFile; fileRef = 20F8A7361B8A6F8900316821 /* NUPerson.m */; };
		20F8A73A1B8A736E00316821 /* NUContactCell.m in Sources */ = {isa = PBXBuildFile; fileRef = 20F8A7391B8A736E00316821 /* NUContactCell.m */; };
		20F8A73C1B8A737900316821 /* NUContactCell.xib in Resources */ = {isa = PBXBuildFile; fileRef = 20F8A73B1B8A737900316821 /* NUContactCell.xib */; };
		20F8A7401B8A89CC00316821 /* MessageUI.framework in Frameworks */ = {isa = PBXBuildFile; fileRef = 20F8A73F1B8A89CC00316821 /* MessageUI.framework */; };
		20F8A7431B8BF50F00316821 /* NUContactsController.m in Sources */ = {isa = PBXBuildFile; fileRef = 20F8A7421B8BF50F00316821 /* NUContactsController.m */; };
		20F8A7481B8BFF0A00316821 /* NUModelConverter.m in Sources */ = {isa = PBXBuildFile; fileRef = 20F8A7471B8BFF0A00316821 /* NUModelConverter.m */; };
		20F8A74A1B8C02D600316821 /* NUPersonTests.m in Sources */ = {isa = PBXBuildFile; fileRef = 20F8A7491B8C02D600316821 /* NUPersonTests.m */; };
		20F8A74D1B8C09CD00316821 /* NUContactsControllerTests.m in Sources */ = {isa = PBXBuildFile; fileRef = 20F8A74C1B8C09CD00316821 /* NUContactsControllerTests.m */; };
		20F8A74F1B8C154900316821 /* people.json in Resources */ = {isa = PBXBuildFile; fileRef = 20F8A74E1B8C154900316821 /* people.json */; };
		20F8A7531B8C1AF300316821 /* NUContactCellViewModel.m in Sources */ = {isa = PBXBuildFile; fileRef = 20F8A7521B8C1AF300316821 /* NUContactCellViewModel.m */; };
		20F8A7551B8C1CF000316821 /* NUContactCellViewModelTests.m in Sources */ = {isa = PBXBuildFile; fileRef = 20F8A7541B8C1CF000316821 /* NUContactCellViewModelTests.m */; };
		20FCC5A51B8CEC2200FE99AC /* NUContactsViewControllerTests.m in Sources */ = {isa = PBXBuildFile; fileRef = 20FCC5A41B8CEC2200FE99AC /* NUContactsViewControllerTests.m */; };
		20FCC5AA1B8CFD2E00FE99AC /* NUContactsFunctionalTests.m in Sources */ = {isa = PBXBuildFile; fileRef = 20FCC5A91B8CFD2E00FE99AC /* NUContactsFunctionalTests.m */; };
		20FCC5AD1B8D096200FE99AC /* KIFUITestActor+NUAdditions.m in Sources */ = {isa = PBXBuildFile; fileRef = 20FCC5AC1B8D096200FE99AC /* KIFUITestActor+NUAdditions.m */; };
		20FCC5B21B8D0BF900FE99AC /* NUPixelPerfectTests.m in Sources */ = {isa = PBXBuildFile; fileRef = 20FCC5B11B8D0BF900FE99AC /* NUPixelPerfectTests.m */; };
		20FCC5B61B8D0CE800FE99AC /* contacts-loaded-375x667@2x-iphone,iOS8.4.png in Resources */ = {isa = PBXBuildFile; fileRef = 20FCC5B51B8D0CE800FE99AC /* contacts-loaded-375x667@2x-iphone,iOS8.4.png */; };
		EB465894594387D7BC8A654F /* libPods-contactsTests.a in Frameworks */ = {isa = PBXBuildFile; fileRef = D8B125C9A8E3407D247898EC /* libPods-contactsTests.a */; };
		F8F3A805F71D7D47512C85DF /* libPods.a in Frameworks */ = {isa = PBXBuildFile; fileRef = 30C96837F4F000F50BEC6A4F /* libPods.a */; };
/* End PBXBuildFile section */

/* Begin PBXContainerItemProxy section */
		20F8A70B1B8A674000316821 /* PBXContainerItemProxy */ = {
			isa = PBXContainerItemProxy;
			containerPortal = 20F8A6E91B8A674000316821 /* Project object */;
			proxyType = 1;
			remoteGlobalIDString = 20F8A6F01B8A674000316821;
			remoteInfo = contacts;
		};
/* End PBXContainerItemProxy section */

/* Begin PBXFileReference section */
		20F8A6F11B8A674000316821 /* contacts.app */ = {isa = PBXFileReference; explicitFileType = wrapper.application; includeInIndex = 0; path = contacts.app; sourceTree = BUILT_PRODUCTS_DIR; };
		20F8A6F51B8A674000316821 /* Info.plist */ = {isa = PBXFileReference; lastKnownFileType = text.plist.xml; path = Info.plist; sourceTree = "<group>"; };
		20F8A6F61B8A674000316821 /* main.m */ = {isa = PBXFileReference; lastKnownFileType = sourcecode.c.objc; path = main.m; sourceTree = "<group>"; };
		20F8A7011B8A674000316821 /* Images.xcassets */ = {isa = PBXFileReference; lastKnownFileType = folder.assetcatalog; path = Images.xcassets; sourceTree = "<group>"; };
		20F8A7041B8A674000316821 /* Base */ = {isa = PBXFileReference; lastKnownFileType = file.xib; name = Base; path = Base.lproj/LaunchScreen.xib; sourceTree = "<group>"; };
		20F8A70A1B8A674000316821 /* contactsTests.xctest */ = {isa = PBXFileReference; explicitFileType = wrapper.cfbundle; includeInIndex = 0; path = contactsTests.xctest; sourceTree = BUILT_PRODUCTS_DIR; };
		20F8A70F1B8A674000316821 /* Info.plist */ = {isa = PBXFileReference; lastKnownFileType = text.plist.xml; path = Info.plist; sourceTree = "<group>"; };
		20F8A7101B8A674000316821 /* contactsTests.m */ = {isa = PBXFileReference; lastKnownFileType = sourcecode.c.objc; path = contactsTests.m; sourceTree = "<group>"; };
		20F8A71C1B8A695000316821 /* AppDelegate.h */ = {isa = PBXFileReference; fileEncoding = 4; lastKnownFileType = sourcecode.c.h; path = AppDelegate.h; sourceTree = "<group>"; };
		20F8A71D1B8A695000316821 /* AppDelegate.m */ = {isa = PBXFileReference; fileEncoding = 4; lastKnownFileType = sourcecode.c.objc; path = AppDelegate.m; sourceTree = "<group>"; };
		20F8A72C1B8A6AB100316821 /* NUContactsViewController.h */ = {isa = PBXFileReference; fileEncoding = 4; lastKnownFileType = sourcecode.c.h; path = NUContactsViewController.h; sourceTree = "<group>"; };
		20F8A72D1B8A6AB100316821 /* NUContactsViewController.m */ = {isa = PBXFileReference; fileEncoding = 4; lastKnownFileType = sourcecode.c.objc; path = NUContactsViewController.m; sourceTree = "<group>"; };
		20F8A7321B8A6AD500316821 /* NUContactsAPI.h */ = {isa = PBXFileReference; fileEncoding = 4; lastKnownFileType = sourcecode.c.h; path = NUContactsAPI.h; sourceTree = "<group>"; };
		20F8A7331B8A6AD500316821 /* NUContactsAPI.m */ = {isa = PBXFileReference; fileEncoding = 4; lastKnownFileType = sourcecode.c.objc; path = NUContactsAPI.m; sourceTree = "<group>"; };
		20F8A7351B8A6F8900316821 /* NUPerson.h */ = {isa = PBXFileReference; fileEncoding = 4; lastKnownFileType = sourcecode.c.h; path = NUPerson.h; sourceTree = "<group>"; };
		20F8A7361B8A6F8900316821 /* NUPerson.m */ = {isa = PBXFileReference; fileEncoding = 4; lastKnownFileType = sourcecode.c.objc; path = NUPerson.m; sourceTree = "<group>"; };
		20F8A7381B8A736E00316821 /* NUContactCell.h */ = {isa = PBXFileReference; fileEncoding = 4; lastKnownFileType = sourcecode.c.h; path = NUContactCell.h; sourceTree = "<group>"; };
		20F8A7391B8A736E00316821 /* NUContactCell.m */ = {isa = PBXFileReference; fileEncoding = 4; lastKnownFileType = sourcecode.c.objc; path = NUContactCell.m; sourceTree = "<group>"; };
		20F8A73B1B8A737900316821 /* NUContactCell.xib */ = {isa = PBXFileReference; fileEncoding = 4; lastKnownFileType = file.xib; path = NUContactCell.xib; sourceTree = "<group>"; };
		20F8A73D1B8A89C600316821 /* libAWDProtobufFacetimeiMessage.dylib */ = {isa = PBXFileReference; lastKnownFileType = "compiled.mach-o.dylib"; name = libAWDProtobufFacetimeiMessage.dylib; path = usr/lib/libAWDProtobufFacetimeiMessage.dylib; sourceTree = SDKROOT; };
		20F8A73F1B8A89CC00316821 /* MessageUI.framework */ = {isa = PBXFileReference; lastKnownFileType = wrapper.framework; name = MessageUI.framework; path = System/Library/Frameworks/MessageUI.framework; sourceTree = SDKROOT; };
		20F8A7411B8BF50F00316821 /* NUContactsController.h */ = {isa = PBXFileReference; fileEncoding = 4; lastKnownFileType = sourcecode.c.h; path = NUContactsController.h; sourceTree = "<group>"; };
		20F8A7421B8BF50F00316821 /* NUContactsController.m */ = {isa = PBXFileReference; fileEncoding = 4; lastKnownFileType = sourcecode.c.objc; path = NUContactsController.m; sourceTree = "<group>"; };
		20F8A7441B8BF52700316821 /* NUBlocks.h */ = {isa = PBXFileReference; lastKnownFileType = sourcecode.c.h; path = NUBlocks.h; sourceTree = "<group>"; };
		20F8A7461B8BFF0A00316821 /* NUModelConverter.h */ = {isa = PBXFileReference; fileEncoding = 4; lastKnownFileType = sourcecode.c.h; path = NUModelConverter.h; sourceTree = "<group>"; };
		20F8A7471B8BFF0A00316821 /* NUModelConverter.m */ = {isa = PBXFileReference; fileEncoding = 4; lastKnownFileType = sourcecode.c.objc; path = NUModelConverter.m; sourceTree = "<group>"; };
		20F8A7491B8C02D600316821 /* NUPersonTests.m */ = {isa = PBXFileReference; fileEncoding = 4; lastKnownFileType = sourcecode.c.objc; path = NUPersonTests.m; sourceTree = "<group>"; };
		20F8A74C1B8C09CD00316821 /* NUContactsControllerTests.m */ = {isa = PBXFileReference; fileEncoding = 4; lastKnownFileType = sourcecode.c.objc; path = NUContactsControllerTests.m; sourceTree = "<group>"; };
		20F8A74E1B8C154900316821 /* people.json */ = {isa = PBXFileReference; fileEncoding = 4; lastKnownFileType = text.json; path = people.json; sourceTree = SOURCE_ROOT; };
		20F8A7511B8C1AF300316821 /* NUContactCellViewModel.h */ = {isa = PBXFileReference; fileEncoding = 4; lastKnownFileType = sourcecode.c.h; path = NUContactCellViewModel.h; sourceTree = "<group>"; };
		20F8A7521B8C1AF300316821 /* NUContactCellViewModel.m */ = {isa = PBXFileReference; fileEncoding = 4; lastKnownFileType = sourcecode.c.objc; path = NUContactCellViewModel.m; sourceTree = "<group>"; };
		20F8A7541B8C1CF000316821 /* NUContactCellViewModelTests.m */ = {isa = PBXFileReference; fileEncoding = 4; lastKnownFileType = sourcecode.c.objc; path = NUContactCellViewModelTests.m; sourceTree = "<group>"; };
		20FCC5A41B8CEC2200FE99AC /* NUContactsViewControllerTests.m */ = {isa = PBXFileReference; fileEncoding = 4; lastKnownFileType = sourcecode.c.objc; path = NUContactsViewControllerTests.m; sourceTree = "<group>"; };
		20FCC5A91B8CFD2E00FE99AC /* NUContactsFunctionalTests.m */ = {isa = PBXFileReference; fileEncoding = 4; lastKnownFileType = sourcecode.c.objc; path = NUContactsFunctionalTests.m; sourceTree = "<group>"; };
		20FCC5AB1B8D096200FE99AC /* KIFUITestActor+NUAdditions.h */ = {isa = PBXFileReference; fileEncoding = 4; lastKnownFileType = sourcecode.c.h; path = "KIFUITestActor+NUAdditions.h"; sourceTree = "<group>"; };
		20FCC5AC1B8D096200FE99AC /* KIFUITestActor+NUAdditions.m */ = {isa = PBXFileReference; fileEncoding = 4; lastKnownFileType = sourcecode.c.objc; path = "KIFUITestActor+NUAdditions.m"; sourceTree = "<group>"; };
		20FCC5B11B8D0BF900FE99AC /* NUPixelPerfectTests.m */ = {isa = PBXFileReference; fileEncoding = 4; lastKnownFileType = sourcecode.c.objc; path = NUPixelPerfectTests.m; sourceTree = "<group>"; };
		20FCC5B51B8D0CE800FE99AC /* contacts-loaded-375x667@2x-iphone,iOS8.4.png */ = {isa = PBXFileReference; lastKnownFileType = image.png; path = "contacts-loaded-375x667@2x-iphone,iOS8.4.png"; sourceTree = "<group>"; };
		30C96837F4F000F50BEC6A4F /* libPods.a */ = {isa = PBXFileReference; explicitFileType = archive.ar; includeInIndex = 0; path = libPods.a; sourceTree = BUILT_PRODUCTS_DIR; };
		5960EA84FC5689006AB3FE74 /* Pods.release.xcconfig */ = {isa = PBXFileReference; includeInIndex = 1; lastKnownFileType = text.xcconfig; name = Pods.release.xcconfig; path = "Pods/Target Support Files/Pods/Pods.release.xcconfig"; sourceTree = "<group>"; };
		6EB7B13660097CFBB9285BA4 /* Pods-contactsTests.release.xcconfig */ = {isa = PBXFileReference; includeInIndex = 1; lastKnownFileType = text.xcconfig; name = "Pods-contactsTests.release.xcconfig"; path = "Pods/Target Support Files/Pods-contactsTests/Pods-contactsTests.release.xcconfig"; sourceTree = "<group>"; };
		C18229DE6D77DDE34C788C8F /* Pods-contactsTests.debug.xcconfig */ = {isa = PBXFileReference; includeInIndex = 1; lastKnownFileType = text.xcconfig; name = "Pods-contactsTests.debug.xcconfig"; path = "Pods/Target Support Files/Pods-contactsTests/Pods-contactsTests.debug.xcconfig"; sourceTree = "<group>"; };
		C2B2A9B5EB9E4E315747B092 /* Pods.debug.xcconfig */ = {isa = PBXFileReference; includeInIndex = 1; lastKnownFileType = text.xcconfig; name = Pods.debug.xcconfig; path = "Pods/Target Support Files/Pods/Pods.debug.xcconfig"; sourceTree = "<group>"; };
		D8B125C9A8E3407D247898EC /* libPods-contactsTests.a */ = {isa = PBXFileReference; explicitFileType = archive.ar; includeInIndex = 0; path = "libPods-contactsTests.a"; sourceTree = BUILT_PRODUCTS_DIR; };
/* End PBXFileReference section */

/* Begin PBXFrameworksBuildPhase section */
		20F8A6EE1B8A674000316821 /* Frameworks */ = {
			isa = PBXFrameworksBuildPhase;
			buildActionMask = 2147483647;
			files = (
				20F8A7401B8A89CC00316821 /* MessageUI.framework in Frameworks */,
				F8F3A805F71D7D47512C85DF /* libPods.a in Frameworks */,
			);
			runOnlyForDeploymentPostprocessing = 0;
		};
		20F8A7071B8A674000316821 /* Frameworks */ = {
			isa = PBXFrameworksBuildPhase;
			buildActionMask = 2147483647;
			files = (
				EB465894594387D7BC8A654F /* libPods-contactsTests.a in Frameworks */,
			);
			runOnlyForDeploymentPostprocessing = 0;
		};
/* End PBXFrameworksBuildPhase section */

/* Begin PBXGroup section */
		20F8A6E81B8A674000316821 = {
			isa = PBXGroup;
			children = (
				20F8A6F31B8A674000316821 /* contacts */,
				20F8A70D1B8A674000316821 /* contactsTests */,
				20F8A6F21B8A674000316821 /* Products */,
				BFB27A595CFBFE3CA06F328F /* Pods */,
				74CBE2197A584C7EBF722443 /* Frameworks */,
			);
			sourceTree = "<group>";
		};
		20F8A6F21B8A674000316821 /* Products */ = {
			isa = PBXGroup;
			children = (
				20F8A6F11B8A674000316821 /* contacts.app */,
				20F8A70A1B8A674000316821 /* contactsTests.xctest */,
			);
			name = Products;
			sourceTree = "<group>";
		};
		20F8A6F31B8A674000316821 /* contacts */ = {
			isa = PBXGroup;
			children = (
				20F8A71A1B8A695000316821 /* classes */,
				20F8A7011B8A674000316821 /* Images.xcassets */,
				20F8A7031B8A674000316821 /* LaunchScreen.xib */,
				20F8A6F41B8A674000316821 /* Supporting Files */,
			);
			path = contacts;
			sourceTree = "<group>";
		};
		20F8A6F41B8A674000316821 /* Supporting Files */ = {
			isa = PBXGroup;
			children = (
				20F8A6F51B8A674000316821 /* Info.plist */,
				20F8A6F61B8A674000316821 /* main.m */,
			);
			name = "Supporting Files";
			sourceTree = "<group>";
		};
		20F8A70D1B8A674000316821 /* contactsTests */ = {
			isa = PBXGroup;
			children = (
				20FCC5B51B8D0CE800FE99AC /* contacts-loaded-375x667@2x-iphone,iOS8.4.png */,
				20F8A74E1B8C154900316821 /* people.json */,
				20F8A7491B8C02D600316821 /* NUPersonTests.m */,
				20FCC5AB1B8D096200FE99AC /* KIFUITestActor+NUAdditions.h */,
				20FCC5AC1B8D096200FE99AC /* KIFUITestActor+NUAdditions.m */,
				20FCC5A91B8CFD2E00FE99AC /* NUContactsFunctionalTests.m */,
				20FCC5B11B8D0BF900FE99AC /* NUPixelPerfectTests.m */,
				20F8A74C1B8C09CD00316821 /* NUContactsControllerTests.m */,
				20F8A7541B8C1CF000316821 /* NUContactCellViewModelTests.m */,
				20FCC5A41B8CEC2200FE99AC /* NUContactsViewControllerTests.m */,
				20F8A7101B8A674000316821 /* contactsTests.m */,
				20F8A70E1B8A674000316821 /* Supporting Files */,
			);
			path = contactsTests;
			sourceTree = "<group>";
		};
		20F8A70E1B8A674000316821 /* Supporting Files */ = {
			isa = PBXGroup;
			children = (
				20F8A70F1B8A674000316821 /* Info.plist */,
			);
			name = "Supporting Files";
			sourceTree = "<group>";
		};
		20F8A71A1B8A695000316821 /* classes */ = {
			isa = PBXGroup;
			children = (
				20F8A71B1B8A695000316821 /* appdelegate */,
				20F8A71E1B8A695000316821 /* controllers */,
				20F8A71F1B8A695000316821 /* models */,
				20F8A7201B8A695000316821 /* viewcontrollers */,
				20F8A7501B8C1AE300316821 /* viewmodels */,
				20F8A7221B8A695000316821 /* views */,
			);
			path = classes;
			sourceTree = "<group>";
		};
		20F8A71B1B8A695000316821 /* appdelegate */ = {
			isa = PBXGroup;
			children = (
				20F8A71C1B8A695000316821 /* AppDelegate.h */,
				20F8A71D1B8A695000316821 /* AppDelegate.m */,
			);
			path = appdelegate;
			sourceTree = "<group>";
		};
		20F8A71E1B8A695000316821 /* controllers */ = {
			isa = PBXGroup;
			children = (
				20F8A7271B8A697D00316821 /* api */,
				20F8A7441B8BF52700316821 /* NUBlocks.h */,
				20F8A7411B8BF50F00316821 /* NUContactsController.h */,
				20F8A7421B8BF50F00316821 /* NUContactsController.m */,
			);
			path = controllers;
			sourceTree = "<group>";
		};
		20F8A71F1B8A695000316821 /* models */ = {
			isa = PBXGroup;
			children = (
				20F8A7451B8BFEEE00316821 /* converters */,
				20F8A7351B8A6F8900316821 /* NUPerson.h */,
				20F8A7361B8A6F8900316821 /* NUPerson.m */,
			);
			path = models;
			sourceTree = "<group>";
		};
		20F8A7201B8A695000316821 /* viewcontrollers */ = {
			isa = PBXGroup;
			children = (
				20F8A72C1B8A6AB100316821 /* NUContactsViewController.h */,
				20F8A72D1B8A6AB100316821 /* NUContactsViewController.m */,
			);
			path = viewcontrollers;
			sourceTree = "<group>";
		};
		20F8A7221B8A695000316821 /* views */ = {
			isa = PBXGroup;
			children = (
				20F8A7381B8A736E00316821 /* NUContactCell.h */,
				20F8A7391B8A736E00316821 /* NUContactCell.m */,
				20F8A73B1B8A737900316821 /* NUContactCell.xib */,
			);
			path = views;
			sourceTree = "<group>";
		};
		20F8A7271B8A697D00316821 /* api */ = {
			isa = PBXGroup;
			children = (
				20F8A7321B8A6AD500316821 /* NUContactsAPI.h */,
				20F8A7331B8A6AD500316821 /* NUContactsAPI.m */,
			);
			path = api;
			sourceTree = "<group>";
		};
		20F8A7451B8BFEEE00316821 /* converters */ = {
			isa = PBXGroup;
			children = (
				20F8A7461B8BFF0A00316821 /* NUModelConverter.h */,
				20F8A7471B8BFF0A00316821 /* NUModelConverter.m */,
			);
			path = converters;
			sourceTree = "<group>";
		};
		20F8A7501B8C1AE300316821 /* viewmodels */ = {
			isa = PBXGroup;
			children = (
				20F8A7511B8C1AF300316821 /* NUContactCellViewModel.h */,
				20F8A7521B8C1AF300316821 /* NUContactCellViewModel.m */,
			);
			path = viewmodels;
			sourceTree = "<group>";
		};
		74CBE2197A584C7EBF722443 /* Frameworks */ = {
			isa = PBXGroup;
			children = (
				20F8A73F1B8A89CC00316821 /* MessageUI.framework */,
				20F8A73D1B8A89C600316821 /* libAWDProtobufFacetimeiMessage.dylib */,
				30C96837F4F000F50BEC6A4F /* libPods.a */,
				D8B125C9A8E3407D247898EC /* libPods-contactsTests.a */,
			);
			name = Frameworks;
			sourceTree = "<group>";
		};
		BFB27A595CFBFE3CA06F328F /* Pods */ = {
			isa = PBXGroup;
			children = (
				C2B2A9B5EB9E4E315747B092 /* Pods.debug.xcconfig */,
				5960EA84FC5689006AB3FE74 /* Pods.release.xcconfig */,
				C18229DE6D77DDE34C788C8F /* Pods-contactsTests.debug.xcconfig */,
				6EB7B13660097CFBB9285BA4 /* Pods-contactsTests.release.xcconfig */,
			);
			name = Pods;
			sourceTree = "<group>";
		};
/* End PBXGroup section */

/* Begin PBXNativeTarget section */
		20F8A6F01B8A674000316821 /* contacts */ = {
			isa = PBXNativeTarget;
			buildConfigurationList = 20F8A7141B8A674000316821 /* Build configuration list for PBXNativeTarget "contacts" */;
			buildPhases = (
				07434ADEE2C4EBB253FEB625 /* Check Pods Manifest.lock */,
				20F8A6ED1B8A674000316821 /* Sources */,
				20F8A6EE1B8A674000316821 /* Frameworks */,
				20F8A6EF1B8A674000316821 /* Resources */,
				40C04F2FC6A350B6A25915D2 /* Copy Pods Resources */,
			);
			buildRules = (
			);
			dependencies = (
			);
			name = contacts;
			productName = contacts;
			productReference = 20F8A6F11B8A674000316821 /* contacts.app */;
			productType = "com.apple.product-type.application";
		};
		20F8A7091B8A674000316821 /* contactsTests */ = {
			isa = PBXNativeTarget;
			buildConfigurationList = 20F8A7171B8A674000316821 /* Build configuration list for PBXNativeTarget "contactsTests" */;
			buildPhases = (
				3546343881719434F126F344 /* Check Pods Manifest.lock */,
				20F8A7061B8A674000316821 /* Sources */,
				20F8A7071B8A674000316821 /* Frameworks */,
				20F8A7081B8A674000316821 /* Resources */,
				4578AFCF5803E2053D7C932A /* Copy Pods Resources */,
			);
			buildRules = (
			);
			dependencies = (
				20F8A70C1B8A674000316821 /* PBXTargetDependency */,
			);
			name = contactsTests;
			productName = contactsTests;
			productReference = 20F8A70A1B8A674000316821 /* contactsTests.xctest */;
			productType = "com.apple.product-type.bundle.unit-test";
		};
/* End PBXNativeTarget section */

/* Begin PBXProject section */
		20F8A6E91B8A674000316821 /* Project object */ = {
			isa = PBXProject;
			attributes = {
				CLASSPREFIX = NU;
				LastUpgradeCheck = 0640;
				ORGANIZATIONNAME = nubank;
				TargetAttributes = {
					20F8A6F01B8A674000316821 = {
						CreatedOnToolsVersion = 6.4;
					};
					20F8A7091B8A674000316821 = {
						CreatedOnToolsVersion = 6.4;
						TestTargetID = 20F8A6F01B8A674000316821;
					};
				};
			};
			buildConfigurationList = 20F8A6EC1B8A674000316821 /* Build configuration list for PBXProject "contacts" */;
			compatibilityVersion = "Xcode 3.2";
			developmentRegion = English;
			hasScannedForEncodings = 0;
			knownRegions = (
				en,
				Base,
			);
			mainGroup = 20F8A6E81B8A674000316821;
			productRefGroup = 20F8A6F21B8A674000316821 /* Products */;
			projectDirPath = "";
			projectRoot = "";
			targets = (
				20F8A6F01B8A674000316821 /* contacts */,
				20F8A7091B8A674000316821 /* contactsTests */,
			);
		};
/* End PBXProject section */

/* Begin PBXResourcesBuildPhase section */
		20F8A6EF1B8A674000316821 /* Resources */ = {
			isa = PBXResourcesBuildPhase;
			buildActionMask = 2147483647;
			files = (
				20F8A7051B8A674000316821 /* LaunchScreen.xib in Resources */,
				20F8A7021B8A674000316821 /* Images.xcassets in Resources */,
				20F8A73C1B8A737900316821 /* NUContactCell.xib in Resources */,
			);
			runOnlyForDeploymentPostprocessing = 0;
		};
		20F8A7081B8A674000316821 /* Resources */ = {
			isa = PBXResourcesBuildPhase;
			buildActionMask = 2147483647;
			files = (
				20F8A74F1B8C154900316821 /* people.json in Resources */,
				20FCC5B61B8D0CE800FE99AC /* contacts-loaded-375x667@2x-iphone,iOS8.4.png in Resources */,
			);
			runOnlyForDeploymentPostprocessing = 0;
		};
/* End PBXResourcesBuildPhase section */

/* Begin PBXShellScriptBuildPhase section */
		07434ADEE2C4EBB253FEB625 /* Check Pods Manifest.lock */ = {
			isa = PBXShellScriptBuildPhase;
			buildActionMask = 2147483647;
			files = (
			);
			inputPaths = (
			);
			name = "Check Pods Manifest.lock";
			outputPaths = (
			);
			runOnlyForDeploymentPostprocessing = 0;
			shellPath = /bin/sh;
			shellScript = "diff \"${PODS_ROOT}/../Podfile.lock\" \"${PODS_ROOT}/Manifest.lock\" > /dev/null\nif [[ $? != 0 ]] ; then\n    cat << EOM\nerror: The sandbox is not in sync with the Podfile.lock. Run 'pod install' or update your CocoaPods installation.\nEOM\n    exit 1\nfi\n";
			showEnvVarsInLog = 0;
		};
		3546343881719434F126F344 /* Check Pods Manifest.lock */ = {
			isa = PBXShellScriptBuildPhase;
			buildActionMask = 2147483647;
			files = (
			);
			inputPaths = (
			);
			name = "Check Pods Manifest.lock";
			outputPaths = (
			);
			runOnlyForDeploymentPostprocessing = 0;
			shellPath = /bin/sh;
			shellScript = "diff \"${PODS_ROOT}/../Podfile.lock\" \"${PODS_ROOT}/Manifest.lock\" > /dev/null\nif [[ $? != 0 ]] ; then\n    cat << EOM\nerror: The sandbox is not in sync with the Podfile.lock. Run 'pod install' or update your CocoaPods installation.\nEOM\n    exit 1\nfi\n";
			showEnvVarsInLog = 0;
		};
		40C04F2FC6A350B6A25915D2 /* Copy Pods Resources */ = {
			isa = PBXShellScriptBuildPhase;
			buildActionMask = 2147483647;
			files = (
			);
			inputPaths = (
			);
			name = "Copy Pods Resources";
			outputPaths = (
			);
			runOnlyForDeploymentPostprocessing = 0;
			shellPath = /bin/sh;
			shellScript = "\"${SRCROOT}/Pods/Target Support Files/Pods/Pods-resources.sh\"\n";
			showEnvVarsInLog = 0;
		};
		4578AFCF5803E2053D7C932A /* Copy Pods Resources */ = {
			isa = PBXShellScriptBuildPhase;
			buildActionMask = 2147483647;
			files = (
			);
			inputPaths = (
			);
			name = "Copy Pods Resources";
			outputPaths = (
			);
			runOnlyForDeploymentPostprocessing = 0;
			shellPath = /bin/sh;
			shellScript = "\"${SRCROOT}/Pods/Target Support Files/Pods-contactsTests/Pods-contactsTests-resources.sh\"\n";
			showEnvVarsInLog = 0;
		};
/* End PBXShellScriptBuildPhase section */

/* Begin PBXSourcesBuildPhase section */
		20F8A6ED1B8A674000316821 /* Sources */ = {
			isa = PBXSourcesBuildPhase;
			buildActionMask = 2147483647;
			files = (
				20F8A7231B8A695000316821 /* AppDelegate.m in Sources */,
				20F8A7481B8BFF0A00316821 /* NUModelConverter.m in Sources */,
				20F8A73A1B8A736E00316821 /* NUContactCell.m in Sources */,
				20F8A6F71B8A674000316821 /* main.m in Sources */,
				20F8A7371B8A6F8900316821 /* NUPerson.m in Sources */,
				20F8A7341B8A6AD500316821 /* NUContactsAPI.m in Sources */,
				20F8A7531B8C1AF300316821 /* NUContactCellViewModel.m in Sources */,
				20F8A72E1B8A6AB100316821 /* NUContactsViewController.m in Sources */,
				20F8A7431B8BF50F00316821 /* NUContactsController.m in Sources */,
			);
			runOnlyForDeploymentPostprocessing = 0;
		};
		20F8A7061B8A674000316821 /* Sources */ = {
			isa = PBXSourcesBuildPhase;
			buildActionMask = 2147483647;
			files = (
				20FCC5AD1B8D096200FE99AC /* KIFUITestActor+NUAdditions.m in Sources */,
				20FCC5B21B8D0BF900FE99AC /* NUPixelPerfectTests.m in Sources */,
				20F8A7111B8A674000316821 /* contactsTests.m in Sources */,
				20F8A74A1B8C02D600316821 /* NUPersonTests.m in Sources */,
				20F8A7551B8C1CF000316821 /* NUContactCellViewModelTests.m in Sources */,
				20F8A74D1B8C09CD00316821 /* NUContactsControllerTests.m in Sources */,
				20FCC5AA1B8CFD2E00FE99AC /* NUContactsFunctionalTests.m in Sources */,
				20FCC5A51B8CEC2200FE99AC /* NUContactsViewControllerTests.m in Sources */,
			);
			runOnlyForDeploymentPostprocessing = 0;
		};
/* End PBXSourcesBuildPhase section */

/* Begin PBXTargetDependency section */
		20F8A70C1B8A674000316821 /* PBXTargetDependency */ = {
			isa = PBXTargetDependency;
			target = 20F8A6F01B8A674000316821 /* contacts */;
			targetProxy = 20F8A70B1B8A674000316821 /* PBXContainerItemProxy */;
		};
/* End PBXTargetDependency section */

/* Begin PBXVariantGroup section */
		20F8A7031B8A674000316821 /* LaunchScreen.xib */ = {
			isa = PBXVariantGroup;
			children = (
				20F8A7041B8A674000316821 /* Base */,
			);
			name = LaunchScreen.xib;
			sourceTree = "<group>";
		};
/* End PBXVariantGroup section */

/* Begin XCBuildConfiguration section */
		20F8A7121B8A674000316821 /* Debug */ = {
			isa = XCBuildConfiguration;
			buildSettings = {
				ALWAYS_SEARCH_USER_PATHS = NO;
				CLANG_CXX_LANGUAGE_STANDARD = "gnu++0x";
				CLANG_CXX_LIBRARY = "libc++";
				CLANG_ENABLE_MODULES = YES;
				CLANG_ENABLE_OBJC_ARC = YES;
				CLANG_WARN_BOOL_CONVERSION = YES;
				CLANG_WARN_CONSTANT_CONVERSION = YES;
				CLANG_WARN_DIRECT_OBJC_ISA_USAGE = YES_ERROR;
				CLANG_WARN_EMPTY_BODY = YES;
				CLANG_WARN_ENUM_CONVERSION = YES;
				CLANG_WARN_INT_CONVERSION = YES;
				CLANG_WARN_OBJC_ROOT_CLASS = YES_ERROR;
				CLANG_WARN_UNREACHABLE_CODE = YES;
				CLANG_WARN__DUPLICATE_METHOD_MATCH = YES;
				"CODE_SIGN_IDENTITY[sdk=iphoneos*]" = "iPhone Developer";
				COPY_PHASE_STRIP = NO;
				DEBUG_INFORMATION_FORMAT = "dwarf-with-dsym";
				ENABLE_STRICT_OBJC_MSGSEND = YES;
				GCC_C_LANGUAGE_STANDARD = gnu99;
				GCC_DYNAMIC_NO_PIC = NO;
				GCC_NO_COMMON_BLOCKS = YES;
				GCC_OPTIMIZATION_LEVEL = 0;
				GCC_PREPROCESSOR_DEFINITIONS = (
					"DEBUG=1",
					"$(inherited)",
				);
				GCC_SYMBOLS_PRIVATE_EXTERN = NO;
				GCC_WARN_64_TO_32_BIT_CONVERSION = YES;
				GCC_WARN_ABOUT_RETURN_TYPE = YES_ERROR;
				GCC_WARN_UNDECLARED_SELECTOR = YES;
				GCC_WARN_UNINITIALIZED_AUTOS = YES_AGGRESSIVE;
				GCC_WARN_UNUSED_FUNCTION = YES;
				GCC_WARN_UNUSED_VARIABLE = YES;
				IPHONEOS_DEPLOYMENT_TARGET = 8.4;
				MTL_ENABLE_DEBUG_INFO = YES;
				ONLY_ACTIVE_ARCH = YES;
				SDKROOT = iphoneos;
			};
			name = Debug;
		};
		20F8A7131B8A674000316821 /* Release */ = {
			isa = XCBuildConfiguration;
			buildSettings = {
				ALWAYS_SEARCH_USER_PATHS = NO;
				CLANG_CXX_LANGUAGE_STANDARD = "gnu++0x";
				CLANG_CXX_LIBRARY = "libc++";
				CLANG_ENABLE_MODULES = YES;
				CLANG_ENABLE_OBJC_ARC = YES;
				CLANG_WARN_BOOL_CONVERSION = YES;
				CLANG_WARN_CONSTANT_CONVERSION = YES;
				CLANG_WARN_DIRECT_OBJC_ISA_USAGE = YES_ERROR;
				CLANG_WARN_EMPTY_BODY = YES;
				CLANG_WARN_ENUM_CONVERSION = YES;
				CLANG_WARN_INT_CONVERSION = YES;
				CLANG_WARN_OBJC_ROOT_CLASS = YES_ERROR;
				CLANG_WARN_UNREACHABLE_CODE = YES;
				CLANG_WARN__DUPLICATE_METHOD_MATCH = YES;
				"CODE_SIGN_IDENTITY[sdk=iphoneos*]" = "iPhone Developer";
				COPY_PHASE_STRIP = NO;
				DEBUG_INFORMATION_FORMAT = "dwarf-with-dsym";
				ENABLE_NS_ASSERTIONS = NO;
				ENABLE_STRICT_OBJC_MSGSEND = YES;
				GCC_C_LANGUAGE_STANDARD = gnu99;
				GCC_NO_COMMON_BLOCKS = YES;
				GCC_WARN_64_TO_32_BIT_CONVERSION = YES;
				GCC_WARN_ABOUT_RETURN_TYPE = YES_ERROR;
				GCC_WARN_UNDECLARED_SELECTOR = YES;
				GCC_WARN_UNINITIALIZED_AUTOS = YES_AGGRESSIVE;
				GCC_WARN_UNUSED_FUNCTION = YES;
				GCC_WARN_UNUSED_VARIABLE = YES;
				IPHONEOS_DEPLOYMENT_TARGET = 8.4;
				MTL_ENABLE_DEBUG_INFO = NO;
				SDKROOT = iphoneos;
				VALIDATE_PRODUCT = YES;
			};
			name = Release;
		};
		20F8A7151B8A674000316821 /* Debug */ = {
			isa = XCBuildConfiguration;
			baseConfigurationReference = C2B2A9B5EB9E4E315747B092 /* Pods.debug.xcconfig */;
			buildSettings = {
				ASSETCATALOG_COMPILER_APPICON_NAME = AppIcon;
				INFOPLIST_FILE = contacts/Info.plist;
				LD_RUNPATH_SEARCH_PATHS = "$(inherited) @executable_path/Frameworks";
				PRODUCT_NAME = "$(TARGET_NAME)";
			};
			name = Debug;
		};
		20F8A7161B8A674000316821 /* Release */ = {
			isa = XCBuildConfiguration;
			baseConfigurationReference = 5960EA84FC5689006AB3FE74 /* Pods.release.xcconfig */;
			buildSettings = {
				ASSETCATALOG_COMPILER_APPICON_NAME = AppIcon;
				INFOPLIST_FILE = contacts/Info.plist;
				LD_RUNPATH_SEARCH_PATHS = "$(inherited) @executable_path/Frameworks";
				PRODUCT_NAME = "$(TARGET_NAME)";
			};
			name = Release;
		};
		20F8A7181B8A674000316821 /* Debug */ = {
			isa = XCBuildConfiguration;
			baseConfigurationReference = C18229DE6D77DDE34C788C8F /* Pods-contactsTests.debug.xcconfig */;
			buildSettings = {
				BUNDLE_LOADER = "$(TEST_HOST)";
				FRAMEWORK_SEARCH_PATHS = (
					"$(SDKROOT)/Developer/Library/Frameworks",
					"$(inherited)",
				);
				GCC_PREPROCESSOR_DEFINITIONS = (
					"DEBUG=1",
					"$(inherited)",
				);
				INFOPLIST_FILE = contactsTests/Info.plist;
				LD_RUNPATH_SEARCH_PATHS = "$(inherited) @executable_path/Frameworks @loader_path/Frameworks";
				PRODUCT_NAME = "$(TARGET_NAME)";
				TEST_HOST = "$(BUILT_PRODUCTS_DIR)/contacts.app/contacts";
			};
			name = Debug;
		};
		20F8A7191B8A674000316821 /* Release */ = {
			isa = XCBuildConfiguration;
			baseConfigurationReference = 6EB7B13660097CFBB9285BA4 /* Pods-contactsTests.release.xcconfig */;
			buildSettings = {
				BUNDLE_LOADER = "$(TEST_HOST)";
				FRAMEWORK_SEARCH_PATHS = (
					"$(SDKROOT)/Developer/Library/Frameworks",
					"$(inherited)",
				);
				INFOPLIST_FILE = contactsTests/Info.plist;
				LD_RUNPATH_SEARCH_PATHS = "$(inherited) @executable_path/Frameworks @loader_path/Frameworks";
				PRODUCT_NAME = "$(TARGET_NAME)";
				TEST_HOST = "$(BUILT_PRODUCTS_DIR)/contacts.app/contacts";
			};
			name = Release;
		};
/* End XCBuildConfiguration section */

/* Begin XCConfigurationList section */
		20F8A6EC1B8A674000316821 /* Build configuration list for PBXProject "contacts" */ = {
			isa = XCConfigurationList;
			buildConfigurations = (
				20F8A7121B8A674000316821 /* Debug */,
				20F8A7131B8A674000316821 /* Release */,
			);
			defaultConfigurationIsVisible = 0;
			defaultConfigurationName = Release;
		};
		20F8A7141B8A674000316821 /* Build configuration list for PBXNativeTarget "contacts" */ = {
			isa = XCConfigurationList;
			buildConfigurations = (
				20F8A7151B8A674000316821 /* Debug */,
				20F8A7161B8A674000316821 /* Release */,
			);
			defaultConfigurationIsVisible = 0;
			defaultConfigurationName = Release;
		};
		20F8A7171B8A674000316821 /* Build configuration list for PBXNativeTarget "contactsTests" */ = {
			isa = XCConfigurationList;
			buildConfigurations = (
				20F8A7181B8A674000316821 /* Debug */,
				20F8A7191B8A674000316821 /* Release */,
			);
			defaultConfigurationIsVisible = 0;
			defaultConfigurationName = Release;
		};
/* End XCConfigurationList section */
	};
	rootObject = 20F8A6E91B8A674000316821 /* Project object */;
}
